# This file is automatically @generated by Cargo.
# It is not intended for manual editing.
version = 3

[[package]]
name = "aho-corasick"
version = "0.7.18"
source = "registry+https://github.com/rust-lang/crates.io-index"
checksum = "1e37cfd5e7657ada45f742d6e99ca5788580b5c529dc78faf11ece6dc702656f"
dependencies = [
 "memchr",
]

[[package]]
name = "android_system_properties"
version = "0.1.5"
source = "registry+https://github.com/rust-lang/crates.io-index"
checksum = "819e7219dbd41043ac279b19830f2efc897156490d7fd6ea916720117ee66311"
dependencies = [
 "libc",
]

[[package]]
name = "atty"
version = "0.2.14"
source = "registry+https://github.com/rust-lang/crates.io-index"
checksum = "d9b39be18770d11421cdb1b9947a45dd3f37e93092cbf377614828a319d5fee8"
dependencies = [
 "hermit-abi",
 "libc",
 "winapi 0.3.9",
]

[[package]]
name = "autocfg"
version = "1.1.0"
source = "registry+https://github.com/rust-lang/crates.io-index"
checksum = "d468802bab17cbc0cc575e9b053f41e72aa36bfa6b7f55e3529ffa43161b97fa"

[[package]]
name = "bitflags"
version = "1.3.2"
source = "registry+https://github.com/rust-lang/crates.io-index"
checksum = "bef38d45163c2f1dde094a7dfd33ccf595c92905c8f8f4fdc18d06fb1037718a"

[[package]]
name = "bumpalo"
version = "3.9.1"
source = "registry+https://github.com/rust-lang/crates.io-index"
checksum = "a4a45a46ab1f2412e53d3a0ade76ffad2025804294569aae387231a0cd6e0899"

[[package]]
name = "cfg-if"
version = "1.0.0"
source = "registry+https://github.com/rust-lang/crates.io-index"
checksum = "baf1de4339761588bc0619e3cbc0120ee582ebb74b53b4efbf79117bd2da40fd"

[[package]]
name = "chrono"
version = "0.4.22"
source = "registry+https://github.com/rust-lang/crates.io-index"
checksum = "bfd4d1b31faaa3a89d7934dbded3111da0d2ef28e3ebccdb4f0179f5929d1ef1"
dependencies = [
 "iana-time-zone",
 "js-sys",
 "num-integer",
 "num-traits",
 "time",
 "wasm-bindgen",
 "winapi 0.3.9",
]

[[package]]
name = "clap"
version = "3.1.12"
source = "registry+https://github.com/rust-lang/crates.io-index"
checksum = "7c167e37342afc5f33fd87bbc870cedd020d2a6dffa05d45ccd9241fbdd146db"
dependencies = [
 "atty",
 "bitflags",
 "clap_derive",
 "clap_lex",
 "indexmap",
 "lazy_static",
 "strsim",
 "termcolor",
 "textwrap",
 "unicase",
]

[[package]]
name = "clap_derive"
version = "3.1.7"
source = "registry+https://github.com/rust-lang/crates.io-index"
checksum = "a3aab4734e083b809aaf5794e14e756d1c798d2c69c7f7de7a09a2f5214993c1"
dependencies = [
 "heck",
 "proc-macro-error",
 "proc-macro2",
 "quote",
 "syn",
]

[[package]]
name = "clap_lex"
version = "0.1.1"
source = "registry+https://github.com/rust-lang/crates.io-index"
checksum = "189ddd3b5d32a70b35e7686054371742a937b0d99128e76dde6340210e966669"
dependencies = [
 "os_str_bytes",
]

[[package]]
name = "com"
version = "0.2.0"
source = "registry+https://github.com/rust-lang/crates.io-index"
checksum = "5a30a2b2a013da986dc5cc3eda3d19c0d59d53f835be1b2356eb8d00f000c793"
dependencies = [
 "com_macros",
]

[[package]]
name = "com_macros"
version = "0.2.0"
source = "registry+https://github.com/rust-lang/crates.io-index"
checksum = "7606b05842fea68ddcc89e8053b8860ebcb2a0ba8d6abfe3a148e5d5a8d3f0c1"
dependencies = [
 "com_macros_support",
 "proc-macro2",
 "syn",
]

[[package]]
name = "com_macros_support"
version = "0.2.0"
source = "registry+https://github.com/rust-lang/crates.io-index"
checksum = "97e9a6d20f4ac8830e309a455d7e9416e65c6af5a97c88c55fbb4c2012e107da"
dependencies = [
 "proc-macro2",
 "quote",
 "syn",
]

[[package]]
name = "core-foundation-sys"
version = "0.8.3"
source = "registry+https://github.com/rust-lang/crates.io-index"
checksum = "5827cebf4670468b8772dd191856768aedcb1b0278a04f989f7766351917b9dc"

[[package]]
name = "flume"
version = "0.10.12"
source = "registry+https://github.com/rust-lang/crates.io-index"
checksum = "843c03199d0c0ca54bc1ea90ac0d507274c28abcc4f691ae8b4eaa375087c76a"
dependencies = [
 "futures-core",
 "futures-sink",
 "nanorand",
 "pin-project",
 "spin",
]

[[package]]
name = "futures-core"
version = "0.3.21"
source = "registry+https://github.com/rust-lang/crates.io-index"
checksum = "0c09fd04b7e4073ac7156a9539b57a484a8ea920f79c7c675d05d289ab6110d3"

[[package]]
name = "futures-sink"
version = "0.3.21"
source = "registry+https://github.com/rust-lang/crates.io-index"
checksum = "21163e139fa306126e6eedaf49ecdb4588f939600f0b1e770f4205ee4b7fa868"

[[package]]
name = "getrandom"
version = "0.2.6"
source = "registry+https://github.com/rust-lang/crates.io-index"
checksum = "9be70c98951c83b8d2f8f60d7065fa6d5146873094452a1008da8c2f1e4205ad"
dependencies = [
 "cfg-if",
 "js-sys",
 "libc",
 "wasi",
 "wasm-bindgen",
]

[[package]]
name = "hashbrown"
version = "0.11.2"
source = "registry+https://github.com/rust-lang/crates.io-index"
checksum = "ab5ef0d4909ef3724cc8cce6ccc8572c5c817592e9285f5464f8e86f8bd3726e"

[[package]]
name = "heck"
version = "0.4.0"
source = "registry+https://github.com/rust-lang/crates.io-index"
checksum = "2540771e65fc8cb83cd6e8a237f70c319bd5c29f78ed1084ba5d50eeac86f7f9"

[[package]]
name = "hermit-abi"
version = "0.1.19"
source = "registry+https://github.com/rust-lang/crates.io-index"
checksum = "62b467343b94ba476dcb2500d242dadbb39557df889310ac77c5d99100aaac33"
dependencies = [
 "libc",
]

[[package]]
name = "iana-time-zone"
version = "0.1.50"
source = "registry+https://github.com/rust-lang/crates.io-index"
checksum = "fd911b35d940d2bd0bea0f9100068e5b97b51a1cbe13d13382f132e0365257a0"
dependencies = [
 "android_system_properties",
 "core-foundation-sys",
 "js-sys",
 "wasm-bindgen",
 "winapi 0.3.9",
]

[[package]]
name = "indexmap"
version = "1.8.1"
source = "registry+https://github.com/rust-lang/crates.io-index"
checksum = "0f647032dfaa1f8b6dc29bd3edb7bbef4861b8b8007ebb118d6db284fd59f6ee"
dependencies = [
 "autocfg",
 "hashbrown",
]

[[package]]
name = "itoa"
version = "1.0.1"
source = "registry+https://github.com/rust-lang/crates.io-index"
checksum = "1aab8fc367588b89dcee83ab0fd66b72b50b72fa1904d7095045ace2b0c81c35"

[[package]]
name = "js-sys"
version = "0.3.57"
source = "registry+https://github.com/rust-lang/crates.io-index"
checksum = "671a26f820db17c2a2750743f1dd03bafd15b98c9f30c7c2628c024c05d73397"
dependencies = [
 "wasm-bindgen",
]

[[package]]
name = "kernel32-sys"
version = "0.2.2"
source = "registry+https://github.com/rust-lang/crates.io-index"
checksum = "7507624b29483431c0ba2d82aece8ca6cdba9382bff4ddd0f7490560c056098d"
dependencies = [
 "winapi 0.2.8",
 "winapi-build",
]

[[package]]
name = "lazy_static"
version = "1.4.0"
source = "registry+https://github.com/rust-lang/crates.io-index"
checksum = "e2abad23fbc42b3700f2f279844dc832adb2b2eb069b2df918f455c4e18cc646"

[[package]]
name = "libc"
version = "0.2.134"
source = "registry+https://github.com/rust-lang/crates.io-index"
checksum = "329c933548736bc49fd575ee68c89e8be4d260064184389a5b77517cddd99ffb"

[[package]]
name = "libm"
version = "0.1.4"
source = "registry+https://github.com/rust-lang/crates.io-index"
checksum = "7fc7aa29613bd6a620df431842069224d8bc9011086b1db4c0e0cd47fa03ec9a"

[[package]]
name = "libmpv"
version = "2.0.1"
source = "registry+https://github.com/rust-lang/crates.io-index"
checksum = "61a58e2d19b34775e81e0fdca194b3b8ee8de973b092e7582b416343979e22e7"
dependencies = [
 "libmpv-sys",
]

[[package]]
name = "libmpv-sys"
version = "3.1.0"
source = "registry+https://github.com/rust-lang/crates.io-index"
checksum = "0df938d3145cd8f134572721a27afa3a51f9bc1c26ae30a1d5077162f96d074b"

[[package]]
name = "lock_api"
version = "0.4.7"
source = "registry+https://github.com/rust-lang/crates.io-index"
checksum = "327fa5b6a6940e4699ec49a9beae1ea4845c6bab9314e4f84ac68742139d8c53"
dependencies = [
 "autocfg",
 "scopeguard",
]

[[package]]
name = "log"
version = "0.4.16"
source = "registry+https://github.com/rust-lang/crates.io-index"
checksum = "6389c490849ff5bc16be905ae24bc913a9c8892e19b2341dbc175e14c341c2b8"
dependencies = [
 "cfg-if",
]

[[package]]
name = "memchr"
version = "2.4.1"
source = "registry+https://github.com/rust-lang/crates.io-index"
checksum = "308cc39be01b73d0d18f82a0e7b2a3df85245f84af96fdddc5d202d27e47b86a"

[[package]]
name = "muldiv"
version = "0.2.1"
source = "registry+https://github.com/rust-lang/crates.io-index"
checksum = "0419348c027fa7be448d2ae7ea0e4e04c2334c31dc4e74ab29f00a2a7ca69204"

[[package]]
name = "nanorand"
version = "0.7.0"
source = "registry+https://github.com/rust-lang/crates.io-index"
checksum = "6a51313c5820b0b02bd422f4b44776fbf47961755c74ce64afc73bfad10226c3"
dependencies = [
 "getrandom",
]

[[package]]
name = "native-windows-derive"
version = "1.0.4"
source = "registry+https://github.com/rust-lang/crates.io-index"
checksum = "8164b076b08fb63f7cb4da207abe8fd94b5c604e17d9f49618807482dbe25507"
dependencies = [
 "proc-macro-crate",
 "proc-macro2",
 "quote",
 "syn",
]

[[package]]
name = "native-windows-gui"
version = "1.0.12"
source = "registry+https://github.com/rust-lang/crates.io-index"
checksum = "c1e049bccae62e28782c5eff82e0c8a4dace50b9783fe03b95447fef3172bb89"
dependencies = [
 "bitflags",
 "lazy_static",
 "muldiv",
 "plotters",
 "plotters-backend",
 "stretch",
 "winapi 0.3.9",
 "winapi-build",
]

[[package]]
name = "num-integer"
version = "0.1.45"
source = "registry+https://github.com/rust-lang/crates.io-index"
checksum = "225d3389fb3509a24c93f5c29eb6bde2586b98d9f016636dff58d7c6f7569cd9"
dependencies = [
 "autocfg",
 "num-traits",
]

[[package]]
name = "num-traits"
version = "0.2.14"
source = "registry+https://github.com/rust-lang/crates.io-index"
checksum = "9a64b1ec5cda2586e284722486d802acf1f7dbdc623e2bfc57e65ca1cd099290"
dependencies = [
 "autocfg",
]

[[package]]
name = "once_cell"
version = "1.10.0"
source = "registry+https://github.com/rust-lang/crates.io-index"
checksum = "87f3e037eac156d1775da914196f0f37741a274155e34a0b7e427c35d2a2ecb9"

[[package]]
name = "open"
version = "2.1.1"
source = "registry+https://github.com/rust-lang/crates.io-index"
checksum = "9213e7b66aa06a7722828ee2980c1adff22a3922b582baaa1e62e30ca2a6c018"
dependencies = [
 "pathdiff",
 "winapi 0.3.9",
]

[[package]]
name = "os_str_bytes"
version = "6.0.0"
source = "registry+https://github.com/rust-lang/crates.io-index"
checksum = "8e22443d1643a904602595ba1cd8f7d896afe56d26712531c5ff73a15b2fbf64"

[[package]]
name = "parse-display"
version = "0.5.5"
source = "registry+https://github.com/rust-lang/crates.io-index"
checksum = "813e91c6232dbeb2e9deba0eb0dc5c967bd6f380676fd34419f9ddd71411faa7"
dependencies = [
 "once_cell",
 "parse-display-derive",
 "regex",
]

[[package]]
name = "parse-display-derive"
version = "0.5.5"
source = "registry+https://github.com/rust-lang/crates.io-index"
checksum = "007ed61a69cf7d9b95cc5dc18489dbb4f70d4adb0a0c100e2dd46f0be241711a"
dependencies = [
 "once_cell",
 "proc-macro2",
 "quote",
 "regex",
 "regex-syntax",
 "structmeta",
 "syn",
]

[[package]]
name = "pathdiff"
version = "0.2.1"
source = "registry+https://github.com/rust-lang/crates.io-index"
checksum = "8835116a5c179084a830efb3adc117ab007512b535bc1a21c991d3b32a6b44dd"

[[package]]
name = "pin-project"
version = "1.0.10"
source = "registry+https://github.com/rust-lang/crates.io-index"
checksum = "58ad3879ad3baf4e44784bc6a718a8698867bb991f8ce24d1bcbe2cfb4c3a75e"
dependencies = [
 "pin-project-internal",
]

[[package]]
name = "pin-project-internal"
version = "1.0.10"
source = "registry+https://github.com/rust-lang/crates.io-index"
checksum = "744b6f092ba29c3650faf274db506afd39944f48420f6c86b17cfe0ee1cb36bb"
dependencies = [
 "proc-macro2",
 "quote",
 "syn",
]

[[package]]
name = "plotters"
version = "0.3.1"
source = "registry+https://github.com/rust-lang/crates.io-index"
checksum = "32a3fd9ec30b9749ce28cd91f255d569591cdf937fe280c312143e3c4bad6f2a"
dependencies = [
 "num-traits",
 "plotters-backend",
 "wasm-bindgen",
 "web-sys",
]

[[package]]
name = "plotters-backend"
version = "0.3.2"
source = "registry+https://github.com/rust-lang/crates.io-index"
checksum = "d88417318da0eaf0fdcdb51a0ee6c3bed624333bff8f946733049380be67ac1c"

[[package]]
name = "proc-macro-crate"
version = "0.1.5"
source = "registry+https://github.com/rust-lang/crates.io-index"
checksum = "1d6ea3c4595b96363c13943497db34af4460fb474a95c43f4446ad341b8c9785"
dependencies = [
 "toml",
]

[[package]]
name = "proc-macro-error"
version = "1.0.4"
source = "registry+https://github.com/rust-lang/crates.io-index"
checksum = "da25490ff9892aab3fcf7c36f08cfb902dd3e71ca0f9f9517bea02a73a5ce38c"
dependencies = [
 "proc-macro-error-attr",
 "proc-macro2",
 "quote",
 "syn",
 "version_check",
]

[[package]]
name = "proc-macro-error-attr"
version = "1.0.4"
source = "registry+https://github.com/rust-lang/crates.io-index"
checksum = "a1be40180e52ecc98ad80b184934baf3d0d29f979574e439af5a55274b35f869"
dependencies = [
 "proc-macro2",
 "quote",
 "version_check",
]

[[package]]
name = "proc-macro2"
version = "1.0.37"
source = "registry+https://github.com/rust-lang/crates.io-index"
checksum = "ec757218438d5fda206afc041538b2f6d889286160d649a86a24d37e1235afd1"
dependencies = [
 "unicode-xid",
]

[[package]]
name = "quote"
version = "1.0.18"
source = "registry+https://github.com/rust-lang/crates.io-index"
checksum = "a1feb54ed693b93a84e14094943b84b7c4eae204c512b7ccb95ab0c66d278ad1"
dependencies = [
 "proc-macro2",
]

[[package]]
name = "regex"
version = "1.5.5"
source = "registry+https://github.com/rust-lang/crates.io-index"
checksum = "1a11647b6b25ff05a515cb92c365cec08801e83423a235b51e231e1808747286"
dependencies = [
 "aho-corasick",
 "memchr",
 "regex-syntax",
]

[[package]]
name = "regex-syntax"
version = "0.6.25"
source = "registry+https://github.com/rust-lang/crates.io-index"
checksum = "f497285884f3fcff424ffc933e56d7cbca511def0c9831a7f9b5f6153e3cc89b"

[[package]]
name = "ryu"
version = "1.0.9"
source = "registry+https://github.com/rust-lang/crates.io-index"
checksum = "73b4b750c782965c211b42f022f59af1fbceabdd026623714f104152f1ec149f"

[[package]]
name = "scopeguard"
version = "1.1.0"
source = "registry+https://github.com/rust-lang/crates.io-index"
checksum = "d29ab0c6d3fc0ee92fe66e2d99f700eab17a8d57d1c1d3b748380fb20baa78cd"

[[package]]
name = "serde"
version = "1.0.136"
source = "registry+https://github.com/rust-lang/crates.io-index"
checksum = "ce31e24b01e1e524df96f1c2fdd054405f8d7376249a5110886fb4b658484789"
dependencies = [
 "serde_derive",
]

[[package]]
name = "serde_derive"
version = "1.0.136"
source = "registry+https://github.com/rust-lang/crates.io-index"
checksum = "08597e7152fcd306f41838ed3e37be9eaeed2b61c42e2117266a554fab4662f9"
dependencies = [
 "proc-macro2",
 "quote",
 "syn",
]

[[package]]
name = "serde_json"
version = "1.0.79"
source = "registry+https://github.com/rust-lang/crates.io-index"
checksum = "8e8d9fa5c3b304765ce1fd9c4c8a3de2c8db365a5b91be52f186efc675681d95"
dependencies = [
 "itoa",
 "ryu",
 "serde",
]

[[package]]
name = "serde_test"
version = "1.0.136"
source = "registry+https://github.com/rust-lang/crates.io-index"
checksum = "21675ba6f9d97711cc00eee79d8dd7d0a31e571c350fb4d8a7c78f70c0e7b0e9"
dependencies = [
 "serde",
]

[[package]]
name = "spin"
version = "0.9.3"
source = "registry+https://github.com/rust-lang/crates.io-index"
checksum = "c530c2b0d0bf8b69304b39fe2001993e267461948b890cd037d8ad4293fa1a0d"
dependencies = [
 "lock_api",
]

[[package]]
name = "stremio-shell-ng"
version = "5.0.0"
dependencies = [
 "bitflags",
 "chrono",
 "clap",
 "flume",
 "kernel32-sys",
 "libmpv",
 "libmpv-sys",
 "native-windows-derive",
 "native-windows-gui",
 "once_cell",
 "open",
 "parse-display",
 "serde",
 "serde_json",
 "serde_test",
 "urlencoding",
 "webview2",
 "webview2-sys",
 "whoami",
 "win32job",
 "winapi 0.3.9",
 "winres",
]

[[package]]
name = "stretch"
version = "0.3.2"
source = "registry+https://github.com/rust-lang/crates.io-index"
checksum = "7b0dc6d20ce137f302edf90f9cd3d278866fd7fb139efca6f246161222ad6d87"
dependencies = [
 "lazy_static",
 "libm",
]

[[package]]
name = "strsim"
version = "0.10.0"
source = "registry+https://github.com/rust-lang/crates.io-index"
checksum = "73473c0e59e6d5812c5dfe2a064a6444949f089e20eec9a2e5506596494e4623"

[[package]]
name = "structmeta"
version = "0.1.4"
source = "registry+https://github.com/rust-lang/crates.io-index"
checksum = "59915b528a896f2e3bfa1a6ace65f7bb0ff9f9863de6213b0c01cb6fd3c3ac71"
dependencies = [
 "proc-macro2",
 "quote",
 "structmeta-derive",
 "syn",
]

[[package]]
name = "structmeta-derive"
version = "0.1.4"
source = "registry+https://github.com/rust-lang/crates.io-index"
checksum = "b73800bcca56045d5ab138a48cd28a96093335335deaa916f22b5749c4150c79"
dependencies = [
 "proc-macro2",
 "quote",
 "syn",
]

[[package]]
name = "syn"
version = "1.0.91"
source = "registry+https://github.com/rust-lang/crates.io-index"
checksum = "b683b2b825c8eef438b77c36a06dc262294da3d5a5813fac20da149241dcd44d"
dependencies = [
 "proc-macro2",
 "quote",
 "unicode-xid",
]

[[package]]
name = "termcolor"
version = "1.1.3"
source = "registry+https://github.com/rust-lang/crates.io-index"
checksum = "bab24d30b911b2376f3a13cc2cd443142f0c81dda04c118693e35b3835757755"
dependencies = [
 "winapi-util",
]

[[package]]
name = "textwrap"
version = "0.15.0"
source = "registry+https://github.com/rust-lang/crates.io-index"
checksum = "b1141d4d61095b28419e22cb0bbf02755f5e54e0526f97f1e3d1d160e60885fb"
dependencies = [
 "unicode-width",
]

[[package]]
name = "thiserror"
version = "1.0.30"
source = "registry+https://github.com/rust-lang/crates.io-index"
checksum = "854babe52e4df1653706b98fcfc05843010039b406875930a70e4d9644e5c417"
dependencies = [
 "thiserror-impl",
]

[[package]]
name = "thiserror-impl"
version = "1.0.30"
source = "registry+https://github.com/rust-lang/crates.io-index"
checksum = "aa32fd3f627f367fe16f893e2597ae3c05020f8bba2666a4e6ea73d377e5714b"
dependencies = [
 "proc-macro2",
 "quote",
 "syn",
]

[[package]]
name = "time"
version = "0.1.44"
source = "registry+https://github.com/rust-lang/crates.io-index"
checksum = "6db9e6914ab8b1ae1c260a4ae7a49b6c5611b40328a735b21862567685e73255"
dependencies = [
 "libc",
 "wasi",
 "winapi 0.3.9",
]

[[package]]
name = "toml"
version = "0.5.9"
source = "registry+https://github.com/rust-lang/crates.io-index"
checksum = "8d82e1a7758622a465f8cee077614c73484dac5b836c02ff6a40d5d1010324d7"
dependencies = [
 "serde",
]

[[package]]
name = "unicase"
version = "2.6.0"
source = "registry+https://github.com/rust-lang/crates.io-index"
checksum = "50f37be617794602aabbeee0be4f259dc1778fabe05e2d67ee8f79326d5cb4f6"
dependencies = [
 "version_check",
]

[[package]]
name = "unicode-width"
version = "0.1.9"
source = "registry+https://github.com/rust-lang/crates.io-index"
checksum = "3ed742d4ea2bd1176e236172c8429aaf54486e7ac098db29ffe6529e0ce50973"

[[package]]
name = "unicode-xid"
version = "0.2.2"
source = "registry+https://github.com/rust-lang/crates.io-index"
checksum = "8ccb82d61f80a663efe1f787a51b16b5a51e3314d6ac365b08639f52387b33f3"

[[package]]
name = "urlencoding"
version = "2.1.0"
source = "registry+https://github.com/rust-lang/crates.io-index"
checksum = "68b90931029ab9b034b300b797048cf23723400aa757e8a2bfb9d748102f9821"

[[package]]
name = "version_check"
version = "0.9.4"
source = "registry+https://github.com/rust-lang/crates.io-index"
checksum = "49874b5167b65d7193b8aba1567f5c7d93d001cafc34600cee003eda787e483f"

[[package]]
name = "wasi"
version = "0.10.0+wasi-snapshot-preview1"
source = "registry+https://github.com/rust-lang/crates.io-index"
checksum = "1a143597ca7c7793eff794def352d41792a93c481eb1042423ff7ff72ba2c31f"

[[package]]
name = "wasm-bindgen"
version = "0.2.80"
source = "registry+https://github.com/rust-lang/crates.io-index"
checksum = "27370197c907c55e3f1a9fbe26f44e937fe6451368324e009cba39e139dc08ad"
dependencies = [
 "cfg-if",
 "wasm-bindgen-macro",
]

[[package]]
name = "wasm-bindgen-backend"
version = "0.2.80"
source = "registry+https://github.com/rust-lang/crates.io-index"
checksum = "53e04185bfa3a779273da532f5025e33398409573f348985af9a1cbf3774d3f4"
dependencies = [
 "bumpalo",
 "lazy_static",
 "log",
 "proc-macro2",
 "quote",
 "syn",
 "wasm-bindgen-shared",
]

[[package]]
name = "wasm-bindgen-macro"
version = "0.2.80"
source = "registry+https://github.com/rust-lang/crates.io-index"
checksum = "17cae7ff784d7e83a2fe7611cfe766ecf034111b49deb850a3dc7699c08251f5"
dependencies = [
 "quote",
 "wasm-bindgen-macro-support",
]

[[package]]
name = "wasm-bindgen-macro-support"
version = "0.2.80"
source = "registry+https://github.com/rust-lang/crates.io-index"
checksum = "99ec0dc7a4756fffc231aab1b9f2f578d23cd391390ab27f952ae0c9b3ece20b"
dependencies = [
 "proc-macro2",
 "quote",
 "syn",
 "wasm-bindgen-backend",
 "wasm-bindgen-shared",
]

[[package]]
name = "wasm-bindgen-shared"
version = "0.2.80"
source = "registry+https://github.com/rust-lang/crates.io-index"
checksum = "d554b7f530dee5964d9a9468d95c1f8b8acae4f282807e7d27d4b03099a46744"

[[package]]
name = "web-sys"
version = "0.3.57"
source = "registry+https://github.com/rust-lang/crates.io-index"
checksum = "7b17e741662c70c8bd24ac5c5b18de314a2c26c32bf8346ee1e6f53de919c283"
dependencies = [
 "js-sys",
 "wasm-bindgen",
]

[[package]]
name = "webview2"
version = "0.1.4"
source = "registry+https://github.com/rust-lang/crates.io-index"
checksum = "283bf6b0ed9c83faea8c7bfe40bb261592147a109effaa4077eed294863d5031"
dependencies = [
 "com",
 "once_cell",
 "webview2-sys",
 "widestring",
 "winapi 0.3.9",
]

[[package]]
name = "webview2-sys"
version = "0.1.1"
source = "registry+https://github.com/rust-lang/crates.io-index"
checksum = "24b7889e893ac4c50d7346356be3ce13a85e56512c38b8fde0526559b8012a4c"
dependencies = [
 "com",
 "winapi 0.3.9",
]

[[package]]
name = "whoami"
version = "1.2.1"
source = "registry+https://github.com/rust-lang/crates.io-index"
checksum = "524b58fa5a20a2fb3014dd6358b70e6579692a56ef6fce928834e488f42f65e8"
dependencies = [
 "wasm-bindgen",
 "web-sys",
]

[[package]]
name = "widestring"
version = "0.5.1"
source = "registry+https://github.com/rust-lang/crates.io-index"
checksum = "17882f045410753661207383517a6f62ec3dbeb6a4ed2acce01f0728238d1983"

[[package]]
name = "win32job"
version = "1.0.1"
source = "registry+https://github.com/rust-lang/crates.io-index"
checksum = "9b2a14136f6c8be9146ac6345774ab32cb93e7985319b4a1b42abb663bd64235"
dependencies = [
 "thiserror",
 "winapi 0.3.9",
]

[[package]]
name = "winapi"
version = "0.2.8"
source = "registry+https://github.com/rust-lang/crates.io-index"
checksum = "167dc9d6949a9b857f3451275e911c3f44255842c1f7a76f33c55103a909087a"

[[package]]
name = "winapi"
version = "0.3.9"
source = "registry+https://github.com/rust-lang/crates.io-index"
checksum = "5c839a674fcd7a98952e593242ea400abe93992746761e38641405d28b00f419"
dependencies = [
 "winapi-i686-pc-windows-gnu",
 "winapi-x86_64-pc-windows-gnu",
]

[[package]]
name = "winapi-build"
version = "0.1.1"
source = "registry+https://github.com/rust-lang/crates.io-index"
checksum = "2d315eee3b34aca4797b2da6b13ed88266e6d612562a0c46390af8299fc699bc"

[[package]]
name = "winapi-i686-pc-windows-gnu"
version = "0.4.0"
source = "registry+https://github.com/rust-lang/crates.io-index"
checksum = "ac3b87c63620426dd9b991e5ce0329eff545bccbbb34f3be09ff6fb6ab51b7b6"

[[package]]
name = "winapi-util"
version = "0.1.5"
source = "registry+https://github.com/rust-lang/crates.io-index"
checksum = "70ec6ce85bb158151cae5e5c87f95a8e97d2c0c4b001223f33a334e3ce5de178"
dependencies = [
 "winapi 0.3.9",
]

[[package]]
name = "winapi-x86_64-pc-windows-gnu"
version = "0.4.0"
source = "registry+https://github.com/rust-lang/crates.io-index"
checksum = "712e227841d057c1ee1cd2fb22fa7e5a5461ae8e48fa2ca79ec42cfc1931183f"

[[package]]
name = "winres"
version = "0.1.12"
source = "registry+https://github.com/rust-lang/crates.io-index"
checksum = "b68db261ef59e9e52806f688020631e987592bd83619edccda9c47d42cde4f6c"
dependencies = [
 "toml",
]
